
Microsoft Visual Studio Solution File, Format Version 11.00
# Visual Studio 2010
Project("{FAE04EC0-301F-11D3-BF4B-00C04F79EFBC}") = "CSharp", "CSharp\CSharp.csproj", "{34EE50CF-2175-4BB0-AF65-BB6232BE5907}"
EndProject
Project("{F2A71F9B-5D33-465A-A702-920D77279786}") = "Sample", "Sample\Sample.fsproj", "{D4693968-72E2-4FF0-9269-D4BAA4965758}"
EndProject
Project("{FAE04EC0-301F-11D3-BF4B-00C04F79EFBC}") = "Reactive", "Reactive\Reactive.csproj", "{60BFAA93-CB5C-4D55-9F20-57C529BFD4AD}"
EndProject
Global
	GlobalSection(SolutionConfigurationPlatforms) = preSolution
		Debug|Any CPU = Debug|Any CPU
		Debug|Mixed Platforms = Debug|Mixed Platforms
		Debug|x86 = Debug|x86
		Release|Any CPU = Release|Any CPU
		Release|Mixed Platforms = Release|Mixed Platforms
		Release|x86 = Release|x86
	EndGlobalSection
	GlobalSection(ProjectConfigurationPlatforms) = postSolution
		{34EE50CF-2175-4BB0-AF65-BB6232BE5907}.Debug|Any CPU.ActiveCfg = Debug|Any CPU
		{34EE50CF-2175-4BB0-AF65-BB6232BE5907}.Debug|Any CPU.Build.0 = Debug|Any CPU
		{34EE50CF-2175-4BB0-AF65-BB6232BE5907}.Debug|Mixed Platforms.ActiveCfg = Debug|Any CPU
		{34EE50CF-2175-4BB0-AF65-BB6232BE5907}.Debug|Mixed Platforms.Build.0 = Debug|Any CPU
		{34EE50CF-2175-4BB0-AF65-BB6232BE5907}.Debug|x86.ActiveCfg = Debug|Any CPU
		{34EE50CF-2175-4BB0-AF65-BB6232BE5907}.Release|Any CPU.ActiveCfg = Release|Any CPU
		{34EE50CF-2175-4BB0-AF65-BB6232BE5907}.Release|Any CPU.Build.0 = Release|Any CPU
		{34EE50CF-2175-4BB0-AF65-BB6232BE5907}.Release|Mixed Platforms.ActiveCfg = Release|Any CPU
		{34EE50CF-2175-4BB0-AF65-BB6232BE5907}.Release|Mixed Platforms.Build.0 = Release|Any CPU
		{34EE50CF-2175-4BB0-AF65-BB6232BE5907}.Release|x86.ActiveCfg = Release|Any CPU
		{D4693968-72E2-4FF0-9269-D4BAA4965758}.Debug|Any CPU.ActiveCfg = Debug|x86
		{D4693968-72E2-4FF0-9269-D4BAA4965758}.Debug|Mixed Platforms.ActiveCfg = Debug|x86
		{D4693968-72E2-4FF0-9269-D4BAA4965758}.Debug|Mixed Platforms.Build.0 = Debug|x86
		{D4693968-72E2-4FF0-9269-D4BAA4965758}.Debug|x86.ActiveCfg = Debug|x86
		{D4693968-72E2-4FF0-9269-D4BAA4965758}.Debug|x86.Build.0 = Debug|x86
		{D4693968-72E2-4FF0-9269-D4BAA4965758}.Release|Any CPU.ActiveCfg = Release|x86
		{D4693968-72E2-4FF0-9269-D4BAA4965758}.Release|Mixed Platforms.ActiveCfg = Release|x86
		{D4693968-72E2-4FF0-9269-D4BAA4965758}.Release|Mixed Platforms.Build.0 = Release|x86
		{D4693968-72E2-4FF0-9269-D4BAA4965758}.Release|x86.ActiveCfg = Release|x86
		{D4693968-72E2-4FF0-9269-D4BAA4965758}.Release|x86.Build.0 = Release|x86
		{60BFAA93-CB5C-4D55-9F20-57C529BFD4AD}.Debug|Any CPU.ActiveCfg = Debug|x86
		{60BFAA93-CB5C-4D55-9F20-57C529BFD4AD}.Debug|Mixed Platforms.ActiveCfg = Debug|x86
		{60BFAA93-CB5C-4D55-9F20-57C529BFD4AD}.Debug|Mixed Platforms.Build.0 = Debug|x86
		{60BFAA93-CB5C-4D55-9F20-57C529BFD4AD}.Debug|x86.ActiveCfg = Debug|x86
		{60BFAA93-CB5C-4D55-9F20-57C529BFD4AD}.Debug|x86.Build.0 = Debug|x86
		{60BFAA93-CB5C-4D55-9F20-57C529BFD4AD}.Release|Any CPU.ActiveCfg = Release|x86
		{60BFAA93-CB5C-4D55-9F20-57C529BFD4AD}.Release|Mixed Platforms.ActiveCfg = Release|x86
		{60BFAA93-CB5C-4D55-9F20-57C529BFD4AD}.Release|Mixed Platforms.Build.0 = Release|x86
		{60BFAA93-CB5C-4D55-9F20-57C529BFD4AD}.Release|x86.ActiveCfg = Release|x86
		{60BFAA93-CB5C-4D55-9F20-57C529BFD4AD}.Release|x86.Build.0 = Release|x86
	EndGlobalSection
	GlobalSection(SolutionProperties) = preSolution
		HideSolutionNode = FALSE
	EndGlobalSection
EndGlobal
